
Microsoft Visual Studio Solution File, Format Version 12.00
# Visual Studio Version 17
VisualStudioVersion = 17.0.32126.317
MinimumVisualStudioVersion = 10.0.40219.1
Project("{8BC9CEB8-8B4A-11D0-8D11-00A0C91BC942}") = "Geakbrains_1-lesson", "Geakbrains_1-lesson.vcxproj", "{010A206C-F818-4FC5-83D4-FDE00FA78D2C}"
EndProject
Global
	GlobalSection(SolutionConfigurationPlatforms) = preSolution
		Debug|x64 = Debug|x64
		Debug|x86 = Debug|x86
		Release|x64 = Release|x64
		Release|x86 = Release|x86
	EndGlobalSection
	GlobalSection(ProjectConfigurationPlatforms) = postSolution
		{010A206C-F818-4FC5-83D4-FDE00FA78D2C}.Debug|x64.ActiveCfg = Debug|x64
		{010A206C-F818-4FC5-83D4-FDE00FA78D2C}.Debug|x64.Build.0 = Debug|x64
		{010A206C-F818-4FC5-83D4-FDE00FA78D2C}.Debug|x86.ActiveCfg = Debug|Win32
		{010A206C-F818-4FC5-83D4-FDE00FA78D2C}.Debug|x86.Build.0 = Debug|Win32
		{010A206C-F818-4FC5-83D4-FDE00FA78D2C}.Release|x64.ActiveCfg = Release|x64
		{010A206C-F818-4FC5-83D4-FDE00FA78D2C}.Release|x64.Build.0 = Release|x64
		{010A206C-F818-4FC5-83D4-FDE00FA78D2C}.Release|x86.ActiveCfg = Release|Win32
		{010A206C-F818-4FC5-83D4-FDE00FA78D2C}.Release|x86.Build.0 = Release|Win32
	EndGlobalSection
	GlobalSection(SolutionProperties) = preSolution
		HideSolutionNode = FALSE
	EndGlobalSection
	GlobalSection(ExtensibilityGlobals) = postSolution
		SolutionGuid = {B8A289C0-3CF1-4988-A523-8689FFFD0B9F}
	EndGlobalSection
EndGlobal
